// !$*UTF8*$!
{
	archiveVersion = 1;
	classes = {
	};
	objectVersion = 50;
	objects = {

/* Begin PBXBuildFile section */
		7356B2B221A9DE1800450E6B /* AppDelegate.swift in Sources */ = {isa = PBXBuildFile; fileRef = 7356B2B121A9DE1800450E6B /* AppDelegate.swift */; };
		7356B2B421A9DE1800450E6B /* ViewController.swift in Sources */ = {isa = PBXBuildFile; fileRef = 7356B2B321A9DE1800450E6B /* ViewController.swift */; };
		7356B2B721A9DE1800450E6B /* Main.storyboard in Resources */ = {isa = PBXBuildFile; fileRef = 7356B2B521A9DE1800450E6B /* Main.storyboard */; };
		7356B2B921A9DE1A00450E6B /* Assets.xcassets in Resources */ = {isa = PBXBuildFile; fileRef = 7356B2B821A9DE1A00450E6B /* Assets.xcassets */; };
		7356B2BC21A9DE1A00450E6B /* LaunchScreen.storyboard in Resources */ = {isa = PBXBuildFile; fileRef = 7356B2BA21A9DE1A00450E6B /* LaunchScreen.storyboard */; };
		7356B2C421A9DE9600450E6B /* SettingsView.swift in Sources */ = {isa = PBXBuildFile; fileRef = 7356B2C321A9DE9600450E6B /* SettingsView.swift */; };
/* End PBXBuildFile section */

/* Begin PBXFileReference section */
		7356B2AE21A9DE1800450E6B /* ModalViewsExample.app */ = {isa = PBXFileReference; explicitFileType = wrapper.application; includeInIndex = 0; path = ModalViewsExample.app; sourceTree = BUILT_PRODUCTS_DIR; };
		7356B2B121A9DE1800450E6B /* AppDelegate.swift */ = {isa = PBXFileReference; lastKnownFileType = sourcecode.swift; path = AppDelegate.swift; sourceTree = "<group>"; };
		7356B2B321A9DE1800450E6B /* ViewController.swift */ = {isa = PBXFileReference; lastKnownFileType = sourcecode.swift; path = ViewController.swift; sourceTree = "<group>"; };
		7356B2B621A9DE1800450E6B /* Base */ = {isa = PBXFileReference; lastKnownFileType = file.storyboard; name = Base; path = Base.lproj/Main.storyboard; sourceTree = "<group>"; };
		7356B2B821A9DE1A00450E6B /* Assets.xcassets */ = {isa = PBXFileReference; lastKnownFileType = folder.assetcatalog; path = Assets.xcassets; sourceTree = "<group>"; };
		7356B2BB21A9DE1A00450E6B /* Base */ = {isa = PBXFileReference; lastKnownFileType = file.storyboard; name = Base; path = Base.lproj/LaunchScreen.storyboard; sourceTree = "<group>"; };
		7356B2BD21A9DE1A00450E6B /* Info.plist */ = {isa = PBXFileReference; lastKnownFileType = text.plist.xml; path = Info.plist; sourceTree = "<group>"; };
		7356B2C321A9DE9600450E6B /* SettingsView.swift */ = {isa = PBXFileReference; lastKnownFileType = sourcecode.swift; path = SettingsView.swift; sourceTree = "<group>"; };
/* End PBXFileReference section */

/* Begin PBXFrameworksBuildPhase section */
		7356B2AB21A9DE1800450E6B /* Frameworks */ = {
			isa = PBXFrameworksBuildPhase;
			buildActionMask = 2147483647;
			files = (
			);
			runOnlyForDeploymentPostprocessing = 0;
		};
/* End PBXFrameworksBuildPhase section */

/* Begin PBXGroup section */
		7356B2A521A9DE1700450E6B = {
			isa = PBXGroup;
			children = (
				7356B2B021A9DE1800450E6B /* ModalViewsExample */,
				7356B2AF21A9DE1800450E6B /* Products */,
			);
			sourceTree = "<group>";
		};
		7356B2AF21A9DE1800450E6B /* Products */ = {
			isa = PBXGroup;
			children = (
				7356B2AE21A9DE1800450E6B /* ModalViewsExample.app */,
			);
			name = Products;
			sourceTree = "<group>";
		};
		7356B2B021A9DE1800450E6B /* ModalViewsExample */ = {
			isa = PBXGroup;
			children = (
				7356B2B121A9DE1800450E6B /* AppDelegate.swift */,
				7356B2B321A9DE1800450E6B /* ViewController.swift */,
				7356B2B521A9DE1800450E6B /* Main.storyboard */,
				7356B2C321A9DE9600450E6B /* SettingsView.swift */,
				7356B2B821A9DE1A00450E6B /* Assets.xcassets */,
				7356B2BA21A9DE1A00450E6B /* LaunchScreen.storyboard */,
				7356B2BD21A9DE1A00450E6B /* Info.plist */,
			);
			path = ModalViewsExample;
			sourceTree = "<group>";
		};
/* End PBXGroup section */

/* Begin PBXNativeTarget section */
		7356B2AD21A9DE1800450E6B /* ModalViewsExample */ = {
			isa = PBXNativeTarget;
			buildConfigurationList = 7356B2C021A9DE1A00450E6B /* Build configuration list for PBXNativeTarget "ModalViewsExample" */;
			buildPhases = (
				7356B2AA21A9DE1800450E6B /* Sources */,
				7356B2AB21A9DE1800450E6B /* Frameworks */,
				7356B2AC21A9DE1800450E6B /* Resources */,
			);
			buildRules = (
			);
			dependencies = (
			);
			name = ModalViewsExample;
			productName = ModalViewsExample;
			productReference = 7356B2AE21A9DE1800450E6B /* ModalViewsExample.app */;
			productType = "com.apple.product-type.application";
		};
/* End PBXNativeTarget section */

/* Begin PBXProject section */
		7356B2A621A9DE1700450E6B /* Project object */ = {
			isa = PBXProject;
			attributes = {
				LastSwiftUpdateCheck = 1000;
				LastUpgradeCheck = 1000;
				ORGANIZATIONNAME = "R J Herrema";
				TargetAttributes = {
					7356B2AD21A9DE1800450E6B = {
						CreatedOnToolsVersion = 10.0;
					};
				};
			};
			buildConfigurationList = 7356B2A921A9DE1700450E6B /* Build configuration list for PBXProject "ModalViewsExample" */;
			compatibilityVersion = "Xcode 9.3";
			developmentRegion = en;
			hasScannedForEncodings = 0;
			knownRegions = (
				en,
				Base,
			);
			mainGroup = 7356B2A521A9DE1700450E6B;
			productRefGroup = 7356B2AF21A9DE1800450E6B /* Products */;
			projectDirPath = "";
			projectRoot = "";
			targets = (
				7356B2AD21A9DE1800450E6B /* ModalViewsExample */,
			);
		};
/* End PBXProject section */

/* Begin PBXResourcesBuildPhase section */
		7356B2AC21A9DE1800450E6B /* Resources */ = {
			isa = PBXResourcesBuildPhase;
			buildActionMask = 2147483647;
			files = (
				7356B2BC21A9DE1A00450E6B /* LaunchScreen.storyboard in Resources */,
				7356B2B921A9DE1A00450E6B /* Assets.xcassets in Resources */,
				7356B2B721A9DE1800450E6B /* Main.storyboard in Resources */,
			);
			runOnlyForDeploymentPostprocessing = 0;
		};
/* End PBXResourcesBuildPhase section */

/* Begin PBXSourcesBuildPhase section */
		7356B2AA21A9DE1800450E6B /* Sources */ = {
			isa = PBXSourcesBuildPhase;
			buildActionMask = 2147483647;
			files = (
				7356B2C421A9DE9600450E6B /* SettingsView.swift in Sources */,
				7356B2B421A9DE1800450E6B /* ViewController.swift in Sources */,
				7356B2B221A9DE1800450E6B /* AppDelegate.swift in Sources */,
			);
			runOnlyForDeploymentPostprocessing = 0;
		};
/* End PBXSourcesBuildPhase section */

/* Begin PBXVariantGroup section */
		7356B2B521A9DE1800450E6B /* Main.storyboard */ = {
			isa = PBXVariantGroup;
			children = (
				7356B2B621A9DE1800450E6B /* Base */,
			);
			name = Main.storyboard;
			sourceTree = "<group>";
		};
		7356B2BA21A9DE1A00450E6B /* LaunchScreen.storyboard */ = {
			isa = PBXVariantGroup;
			children = (
				7356B2BB21A9DE1A00450E6B /* Base */,
			);
			name = LaunchScreen.storyboard;
			sourceTree = "<group>";
		};
/* End PBXVariantGroup section */

/* Begin XCBuildConfiguration section */
		7356B2BE21A9DE1A00450E6B /* Debug */ = {
			isa = XCBuildConfiguration;
			buildSettings = {
				ALWAYS_SEARCH_USER_PATHS = NO;
				CLANG_ANALYZER_NONNULL = YES;
				CLANG_ANALYZER_NUMBER_OBJECT_CONVERSION = YES_AGGRESSIVE;
				CLANG_CXX_LANGUAGE_STANDARD = "gnu++14";
				CLANG_CXX_LIBRARY = "libc++";
				CLANG_ENABLE_MODULES = YES;
				CLANG_ENABLE_OBJC_ARC = YES;
				CLANG_ENABLE_OBJC_WEAK = YES;
				CLANG_WARN_BLOCK_CAPTURE_AUTORELEASING = YES;
				CLANG_WARN_BOOL_CONVERSION = YES;
				CLANG_WARN_COMMA = YES;
				CLANG_WARN_CONSTANT_CONVERSION = YES;
				CLANG_WARN_DEPRECATED_OBJC_IMPLEMENTATIONS = YES;
				CLANG_WARN_DIRECT_OBJC_ISA_USAGE = YES_ERROR;
				CLANG_WARN_DOCUMENTATION_COMMENTS = YES;
				CLANG_WARN_EMPTY_BODY = YES;
				CLANG_WARN_ENUM_CONVERSION = YES;
				CLANG_WARN_INFINITE_RECURSION = YES;
				CLANG_WARN_INT_CONVERSION = YES;
				CLANG_WARN_NON_LITERAL_NULL_CONVERSION = YES;
				CLANG_WARN_OBJC_IMPLICIT_RETAIN_SELF = YES;
				CLANG_WARN_OBJC_LITERAL_CONVERSION = YES;
				CLANG_WARN_OBJC_ROOT_CLASS = YES_ERROR;
				CLANG_WARN_RANGE_LOOP_ANALYSIS = YES;
				CLANG_WARN_STRICT_PROTOTYPES = YES;
				CLANG_WARN_SUSPICIOUS_MOVE = YES;
				CLANG_WARN_UNGUARDED_AVAILABILITY = YES_AGGRESSIVE;
				CLANG_WARN_UNREACHABLE_CODE = YES;
				CLANG_WARN__DUPLICATE_METHOD_MATCH = YES;
				CODE_SIGN_IDENTITY = "iPhone Developer";
				COPY_PHASE_STRIP = NO;
				DEBUG_INFORMATION_FORMAT = dwarf;
				ENABLE_STRICT_OBJC_MSGSEND = YES;
				ENABLE_TESTABILITY = YES;
				GCC_C_LANGUAGE_STANDARD = gnu11;
				GCC_DYNAMIC_NO_PIC = NO;
				GCC_NO_COMMON_BLOCKS = YES;
				GCC_OPTIMIZATION_LEVEL = 0;
				GCC_PREPROCESSOR_DEFINITIONS = (
					"DEBUG=1",
					"$(inherited)",
				);
				GCC_WARN_64_TO_32_BIT_CONVERSION = YES;
				GCC_WARN_ABOUT_RETURN_TYPE = YES_ERROR;
				GCC_WARN_UNDECLARED_SELECTOR = YES;
				GCC_WARN_UNINITIALIZED_AUTOS = YES_AGGRESSIVE;
				GCC_WARN_UNUSED_FUNCTION = YES;
				GCC_WARN_UNUSED_VARIABLE = YES;
				IPHONEOS_DEPLOYMENT_TARGET = 12.0;
				MTL_ENABLE_DEBUG_INFO = INCLUDE_SOURCE;
				MTL_FAST_MATH = YES;
				ONLY_ACTIVE_ARCH = YES;
				SDKROOT = iphoneos;
				SWIFT_ACTIVE_COMPILATION_CONDITIONS = DEBUG;
				SWIFT_OPTIMIZATION_LEVEL = "-Onone";
			};
			name = Debug;
		};
		7356B2BF21A9DE1A00450E6B /* Release */ = {
			isa = XCBuildConfiguration;
			buildSettings = {
				ALWAYS_SEARCH_USER_PATHS = NO;
				CLANG_ANALYZER_NONNULL = YES;
				CLANG_ANALYZER_NUMBER_OBJECT_CONVERSION = YES_AGGRESSIVE;
				CLANG_CXX_LANGUAGE_STANDARD = "gnu++14";
				CLANG_CXX_LIBRARY = "libc++";
				CLANG_ENABLE_MODULES = YES;
				CLANG_ENABLE_OBJC_ARC = YES;
				CLANG_ENABLE_OBJC_WEAK = YES;
				CLANG_WARN_BLOCK_CAPTURE_AUTORELEASING = YES;
				CLANG_WARN_BOOL_CONVERSION = YES;
				CLANG_WARN_COMMA = YES;
				CLANG_WARN_CONSTANT_CONVERSION = YES;
				CLANG_WARN_DEPRECATED_OBJC_IMPLEMENTATIONS = YES;
				CLANG_WARN_DIRECT_OBJC_ISA_USAGE = YES_ERROR;
				CLANG_WARN_DOCUMENTATION_COMMENTS = YES;
				CLANG_WARN_EMPTY_BODY = YES;
				CLANG_WARN_ENUM_CONVERSION = YES;
				CLANG_WARN_INFINITE_RECURSION = YES;
				CLANG_WARN_INT_CONVERSION = YES;
				CLANG_WARN_NON_LITERAL_NULL_CONVERSION = YES;
				CLANG_WARN_OBJC_IMPLICIT_RETAIN_SELF = YES;
				CLANG_WARN_OBJC_LITERAL_CONVERSION = YES;
				CLANG_WARN_OBJC_ROOT_CLASS = YES_ERROR;
				CLANG_WARN_RANGE_LOOP_ANALYSIS = YES;
				CLANG_WARN_STRICT_PROTOTYPES = YES;
				CLANG_WARN_SUSPICIOUS_MOVE = YES;
				CLANG_WARN_UNGUARDED_AVAILABILITY = YES_AGGRESSIVE;
				CLANG_WARN_UNREACHABLE_CODE = YES;
				CLANG_WARN__DUPLICATE_METHOD_MATCH = YES;
				CODE_SIGN_IDENTITY = "iPhone Developer";
				COPY_PHASE_STRIP = NO;
				DEBUG_INFORMATION_FORMAT = "dwarf-with-dsym";
				ENABLE_NS_ASSERTIONS = NO;
				ENABLE_STRICT_OBJC_MSGSEND = YES;
				GCC_C_LANGUAGE_STANDARD = gnu11;
				GCC_NO_COMMON_BLOCKS = YES;
				GCC_WARN_64_TO_32_BIT_CONVERSION = YES;
				GCC_WARN_ABOUT_RETURN_TYPE = YES_ERROR;
				GCC_WARN_UNDECLARED_SELECTOR = YES;
				GCC_WARN_UNINITIALIZED_AUTOS = YES_AGGRESSIVE;
				GCC_WARN_UNUSED_FUNCTION = YES;
				GCC_WARN_UNUSED_VARIABLE = YES;
				IPHONEOS_DEPLOYMENT_TARGET = 12.0;
				MTL_ENABLE_DEBUG_INFO = NO;
				MTL_FAST_MATH = YES;
				SDKROOT = iphoneos;
				SWIFT_COMPILATION_MODE = wholemodule;
				SWIFT_OPTIMIZATION_LEVEL = "-O";
				VALIDATE_PRODUCT = YES;
			};
			name = Release;
		};
		7356B2C121A9DE1A00450E6B /* Debug */ = {
			isa = XCBuildConfiguration;
			buildSettings = {
				ASSETCATALOG_COMPILER_APPICON_NAME = AppIcon;
				CODE_SIGN_STYLE = Automatic;
				DEVELOPMENT_TEAM = 8M6S76VG9E;
				INFOPLIST_FILE = ModalViewsExample/Info.plist;
				IPHONEOS_DEPLOYMENT_TARGET = 11.0;
				LD_RUNPATH_SEARCH_PATHS = (
					"$(inherited)",
					"@executable_path/Frameworks",
				);
				PRODUCT_BUNDLE_IDENTIFIER = net.ronherrema.ModalViewsExample;
				PRODUCT_NAME = "$(TARGET_NAME)";
				SWIFT_VERSION = 4.2;
				TARGETED_DEVICE_FAMILY = 1;
			};
			name = Debug;
		};
		7356B2C221A9DE1A00450E6B /* Release */ = {
			isa = XCBuildConfiguration;
			buildSettings = {
				ASSETCATALOG_COMPILER_APPICON_NAME = AppIcon;
				CODE_SIGN_STYLE = Automatic;
				DEVELOPMENT_TEAM = 8M6S76VG9E;
				INFOPLIST_FILE = ModalViewsExample/Info.plist;
				IPHONEOS_DEPLOYMENT_TARGET = 11.0;
				LD_RUNPATH_SEARCH_PATHS = (
					"$(inherited)",
					"@executable_path/Frameworks",
				);
				PRODUCT_BUNDLE_IDENTIFIER = net.ronherrema.ModalViewsExample;
				PRODUCT_NAME = "$(TARGET_NAME)";
				SWIFT_VERSION = 4.2;
				TARGETED_DEVICE_FAMILY = 1;
			};
			name = Release;
		};
/* End XCBuildConfiguration section */

/* Begin XCConfigurationList section */
		7356B2A921A9DE1700450E6B /* Build configuration list for PBXProject "ModalViewsExample" */ = {
			isa = XCConfigurationList;
			buildConfigurations = (
				7356B2BE21A9DE1A00450E6B /* Debug */,
				7356B2BF21A9DE1A00450E6B /* Release */,
			);
			defaultConfigurationIsVisible = 0;
			defaultConfigurationName = Release;
		};
		7356B2C021A9DE1A00450E6B /* Build configuration list for PBXNativeTarget "ModalViewsExample" */ = {
			isa = XCConfigurationList;
			buildConfigurations = (
				7356B2C121A9DE1A00450E6B /* Debug */,
				7356B2C221A9DE1A00450E6B /* Release */,
			);
			defaultConfigurationIsVisible = 0;
			defaultConfigurationName = Release;
		};
/* End XCConfigurationList section */
	};
	rootObject = 7356B2A621A9DE1700450E6B /* Project object */;
}
